
Microsoft Visual Studio Solution File, Format Version 12.00
# Visual Studio Version 16
VisualStudioVersion = 16.0.29001.49
MinimumVisualStudioVersion = 10.0.40219.1
Project("{FAE04EC0-301F-11D3-BF4B-00C04F79EFBC}") = "ModificadoresDeAcceso", "ModificadoresDeAcceso\ModificadoresDeAcceso.csproj", "{0A06E18D-7D74-4539-995B-823A82A8BA7C}"
EndProject
Global
	GlobalSection(SolutionConfigurationPlatforms) = preSolution
		Debug|Any CPU = Debug|Any CPU
		Release|Any CPU = Release|Any CPU
	EndGlobalSection
	GlobalSection(ProjectConfigurationPlatforms) = postSolution
		{0A06E18D-7D74-4539-995B-823A82A8BA7C}.Debug|Any CPU.ActiveCfg = Debug|Any CPU
		{0A06E18D-7D74-4539-995B-823A82A8BA7C}.Debug|Any CPU.Build.0 = Debug|Any CPU
		{0A06E18D-7D74-4539-995B-823A82A8BA7C}.Release|Any CPU.ActiveCfg = Release|Any CPU
		{0A06E18D-7D74-4539-995B-823A82A8BA7C}.Release|Any CPU.Build.0 = Release|Any CPU
	EndGlobalSection
	GlobalSection(SolutionProperties) = preSolution
		HideSolutionNode = FALSE
	EndGlobalSection
	GlobalSection(ExtensibilityGlobals) = postSolution
		SolutionGuid = {6CED1479-A05C-44A2-99BC-A0409E6A4350}
	EndGlobalSection
EndGlobal
